
Microsoft Visual Studio Solution File, Format Version 12.00
# Visual Studio 15
Project("{FAE04EC0-301F-11D3-BF4B-00C04F79EFBC}") = "Assembly-CSharp", "Assembly-CSharp.csproj", "{1F8BD3CD-5719-8369-EF4E-65C1D24F6112}"
EndProject
Project("{FAE04EC0-301F-11D3-BF4B-00C04F79EFBC}") = "Assembly-CSharp-Editor", "Assembly-CSharp-Editor.csproj", "{CED0479C-D118-16D5-19AF-D7685D5BBC44}"
EndProject
Global
	GlobalSection(SolutionConfigurationPlatforms) = preSolution
		Debug|Any CPU = Debug|Any CPU
		Release|Any CPU = Release|Any CPU
	EndGlobalSection
	GlobalSection(ProjectConfigurationPlatforms) = postSolution
		{1F8BD3CD-5719-8369-EF4E-65C1D24F6112}.Debug|Any CPU.ActiveCfg = Debug|Any CPU
		{1F8BD3CD-5719-8369-EF4E-65C1D24F6112}.Debug|Any CPU.Build.0 = Debug|Any CPU
		{1F8BD3CD-5719-8369-EF4E-65C1D24F6112}.Release|Any CPU.ActiveCfg = Release|Any CPU
		{1F8BD3CD-5719-8369-EF4E-65C1D24F6112}.Release|Any CPU.Build.0 = Release|Any CPU
		{CED0479C-D118-16D5-19AF-D7685D5BBC44}.Debug|Any CPU.ActiveCfg = Debug|Any CPU
		{CED0479C-D118-16D5-19AF-D7685D5BBC44}.Debug|Any CPU.Build.0 = Debug|Any CPU
		{CED0479C-D118-16D5-19AF-D7685D5BBC44}.Release|Any CPU.ActiveCfg = Release|Any CPU
		{CED0479C-D118-16D5-19AF-D7685D5BBC44}.Release|Any CPU.Build.0 = Release|Any CPU
	EndGlobalSection
	GlobalSection(SolutionProperties) = preSolution
		HideSolutionNode = FALSE
	EndGlobalSection
EndGlobal
